
Microsoft Visual Studio Solution File, Format Version 12.00
# Visual Studio 15
VisualStudioVersion = 15.0.26430.12
MinimumVisualStudioVersion = 10.0.40219.1
Project("{9A19103F-16F7-4668-BE54-9A1E7A4F7556}") = "SeckillPro.Web", "SeckillPro.Web\SeckillPro.Web.csproj", "{1E59FE6A-4D8A-4431-ADF0-7B4C6D88E9E4}"
EndProject
Project("{9A19103F-16F7-4668-BE54-9A1E7A4F7556}") = "SeckillPro.Api", "SeckillPro.Api\SeckillPro.Api.csproj", "{594A0586-D347-4F33-BE91-C0CB4557A254}"
EndProject
Project("{FAE04EC0-301F-11D3-BF4B-00C04F79EFBC}") = "SeckillPro.Com", "SeckillPro.Com\SeckillPro.Com.csproj", "{3B8CD5D1-E6FE-4139-AFA8-C7C358D51DA0}"
EndProject
Project("{FAE04EC0-301F-11D3-BF4B-00C04F79EFBC}") = "SeckillPro.Server", "SeckillPro.Server\SeckillPro.Server.csproj", "{77929587-3AEE-49A1-BCF5-83C46D91C7B5}"
EndProject
Global
	GlobalSection(SolutionConfigurationPlatforms) = preSolution
		Debug|Any CPU = Debug|Any CPU
		Release|Any CPU = Release|Any CPU
	EndGlobalSection
	GlobalSection(ProjectConfigurationPlatforms) = postSolution
		{1E59FE6A-4D8A-4431-ADF0-7B4C6D88E9E4}.Debug|Any CPU.ActiveCfg = Debug|Any CPU
		{1E59FE6A-4D8A-4431-ADF0-7B4C6D88E9E4}.Debug|Any CPU.Build.0 = Debug|Any CPU
		{1E59FE6A-4D8A-4431-ADF0-7B4C6D88E9E4}.Release|Any CPU.ActiveCfg = Release|Any CPU
		{1E59FE6A-4D8A-4431-ADF0-7B4C6D88E9E4}.Release|Any CPU.Build.0 = Release|Any CPU
		{594A0586-D347-4F33-BE91-C0CB4557A254}.Debug|Any CPU.ActiveCfg = Debug|Any CPU
		{594A0586-D347-4F33-BE91-C0CB4557A254}.Debug|Any CPU.Build.0 = Debug|Any CPU
		{594A0586-D347-4F33-BE91-C0CB4557A254}.Release|Any CPU.ActiveCfg = Release|Any CPU
		{594A0586-D347-4F33-BE91-C0CB4557A254}.Release|Any CPU.Build.0 = Release|Any CPU
		{3B8CD5D1-E6FE-4139-AFA8-C7C358D51DA0}.Debug|Any CPU.ActiveCfg = Debug|Any CPU
		{3B8CD5D1-E6FE-4139-AFA8-C7C358D51DA0}.Debug|Any CPU.Build.0 = Debug|Any CPU
		{3B8CD5D1-E6FE-4139-AFA8-C7C358D51DA0}.Release|Any CPU.ActiveCfg = Release|Any CPU
		{3B8CD5D1-E6FE-4139-AFA8-C7C358D51DA0}.Release|Any CPU.Build.0 = Release|Any CPU
		{77929587-3AEE-49A1-BCF5-83C46D91C7B5}.Debug|Any CPU.ActiveCfg = Debug|Any CPU
		{77929587-3AEE-49A1-BCF5-83C46D91C7B5}.Debug|Any CPU.Build.0 = Debug|Any CPU
		{77929587-3AEE-49A1-BCF5-83C46D91C7B5}.Release|Any CPU.ActiveCfg = Release|Any CPU
		{77929587-3AEE-49A1-BCF5-83C46D91C7B5}.Release|Any CPU.Build.0 = Release|Any CPU
	EndGlobalSection
	GlobalSection(SolutionProperties) = preSolution
		HideSolutionNode = FALSE
	EndGlobalSection
EndGlobal
